# THIS IS AN AUTOGENERATED FILE. DO NOT EDIT THIS FILE DIRECTLY.
# yarn lockfile v1


"@contentful/rich-text-html-renderer@^14.1.1":
  version "14.1.1"
  resolved "https://registry.yarnpkg.com/@contentful/rich-text-html-renderer/-/rich-text-html-renderer-14.1.1.tgz#57c6c39cd42961238be8db2b936e4080da97b929"
  integrity sha512-Sc9NDApq3S7AD1l5/s9ts6+AOCvjdpPGcFlAC55kZIViEI5Cw8TXuwVN303Aox3ixvlyC7FMeDJhx9EwT65jTw==
  dependencies:
    "@contentful/rich-text-types" "^14.1.1"
    escape-html "^1.0.3"

"@contentful/rich-text-types@^14.1.1":
  version "14.1.1"
  resolved "https://registry.yarnpkg.com/@contentful/rich-text-types/-/rich-text-types-14.1.1.tgz#2b105c8fdb36cd1f8ed06ce077a853f4ab5e3770"
  integrity sha512-Iow9U3so7V+2AngYLmt42BGtHjHGl+DQpxvXaryJe1X9LPHrQ41pALztJZFzDgajoEswBjOgmI9CFeQ1oUAdJA==

axios@^0.19.1:
  version "0.19.2"
  resolved "https://registry.yarnpkg.com/axios/-/axios-0.19.2.tgz#3ea36c5d8818d0d5f8a8a97a6d36b86cdc00cb27"
  integrity sha512-fjgm5MvRHLhx+osE2xoekY70AhARk3a6hkN+3Io1jc00jtquGvxYlKlsFUhmUET0V5te6CcZI7lcv2Ym61mjHA==
  dependencies:
    follow-redirects "1.5.10"

contentful-resolve-response@^1.2.2:
  version "1.2.2"
  resolved "https://registry.yarnpkg.com/contentful-resolve-response/-/contentful-resolve-response-1.2.2.tgz#3f83a5f4742854de740e250a11020b4fb646da91"
  integrity sha512-KyRz05f2YFJDSFs/L5jtsptbL5Fk3+ukSjRF94zFXq0FOtYoaxyCbqKgHhK2+3hlipxVQ+KGRus/tSaD6PoPMg==
  dependencies:
    lodash "^4.17.15"

contentful-sdk-core@^6.4.5:
  version "6.4.5"
  resolved "https://registry.yarnpkg.com/contentful-sdk-core/-/contentful-sdk-core-6.4.5.tgz#e73f4c5426f354608543fc73e46c17c6730180e9"
  integrity sha512-rygNuiwbG6UKrJg6EDlaKewayTeLWrjA2wJwVmq7rV/DYo0cic6t28y0EMhRQ4pgJDV5HyUQFoFeBm2lwLfG2Q==
  dependencies:
    lodash "^4.17.10"
    qs "^6.5.2"

contentful@^7.14.6:
  version "7.14.6"
  resolved "https://registry.yarnpkg.com/contentful/-/contentful-7.14.6.tgz#da692d68f361ceec14045c6114425579cddbfab9"
  integrity sha512-7/Xqw/UT0/zW9DeVGAwtW4twGbThIc6rbLATrhUn7AXt/xTCFzgPiJxHgRU9gmr733q/Wckv663B51abDMS9Nw==
  dependencies:
    axios "^0.19.1"
    contentful-resolve-response "^1.2.2"
    contentful-sdk-core "^6.4.5"
    json-stringify-safe "^5.0.1"
    lodash "^4.17.11"

debug@=3.1.0:
  version "3.1.0"
  resolved "https://registry.yarnpkg.com/debug/-/debug-3.1.0.tgz#5bb5a0672628b64149566ba16819e61518c67261"
  integrity sha512-OX8XqP7/1a9cqkxYw2yXss15f26NKWBpDXQd0/uK/KPqdQhxbPa994hnzjcE2VqQpDslf55723cKPUOGSmMY3g==
  dependencies:
    ms "2.0.0"

escape-html@^1.0.3:
  version "1.0.3"
  resolved "https://registry.yarnpkg.com/escape-html/-/escape-html-1.0.3.tgz#0258eae4d3d0c0974de1c169188ef0051d1d1988"
  integrity sha1-Aljq5NPQwJdN4cFpGI7wBR0dGYg=

follow-redirects@1.5.10:
  version "1.5.10"
  resolved "https://registry.yarnpkg.com/follow-redirects/-/follow-redirects-1.5.10.tgz#7b7a9f9aea2fdff36786a94ff643ed07f4ff5e2a"
  integrity sha512-0V5l4Cizzvqt5D44aTXbFZz+FtyXV1vrDN6qrelxtfYQKW0KO0W2T/hkE8xvGa/540LkZlkaUjO4ailYTFtHVQ==
  dependencies:
    debug "=3.1.0"

json-stringify-safe@^5.0.1:
  version "5.0.1"
  resolved "https://registry.yarnpkg.com/json-stringify-safe/-/json-stringify-safe-5.0.1.tgz#1296a2d58fd45f19a0f6ce01d65701e2c735b6eb"
  integrity sha1-Epai1Y/UXxmg9s4B1lcB4sc1tus=

lodash@^4.17.10, lodash@^4.17.11, lodash@^4.17.15:
  version "4.17.20"
  resolved "https://registry.yarnpkg.com/lodash/-/lodash-4.17.20.tgz#b44a9b6297bcb698f1c51a3545a2b3b368d59c52"
  integrity sha512-PlhdFcillOINfeV7Ni6oF1TAEayyZBoZ8bcshTHqOYJYlrqzRK5hagpagky5o4HfCzzd1TRkXPMFq6cKk9rGmA==

ms@2.0.0:
  version "2.0.0"
  resolved "https://registry.yarnpkg.com/ms/-/ms-2.0.0.tgz#5608aeadfc00be6c2901df5f9861788de0d597c8"
  integrity sha1-VgiurfwAvmwpAd9fmGF4jeDVl8g=

qs@^6.5.2:
  version "6.9.4"
  resolved "https://registry.yarnpkg.com/qs/-/qs-6.9.4.tgz#9090b290d1f91728d3c22e54843ca44aea5ab687"
  integrity sha512-A1kFqHekCTM7cz0udomYUoYNWjBebHm/5wzU/XqrBRBNWectVH0QIiN+NEcZ0Dte5hvzHwbr8+XQmguPhJ6WdQ==
